
Microsoft Visual Studio Solution File, Format Version 12.00
# Visual Studio 2012
Project("{FAE04EC0-301F-11D3-BF4B-00C04F79EFBC}") = "TranslatorWithMSApi", "TranslatorWithBingApi\TranslatorWithMSApi.csproj", "{6420C3C7-124E-43FA-A0F1-4C05339CE8C0}"
EndProject
Project("{FAE04EC0-301F-11D3-BF4B-00C04F79EFBC}") = "TranslatorWithMSApi.Test", "TranslatorWithBingApi.Test\TranslatorWithMSApi.Test.csproj", "{2344FFF6-5B6F-45B4-B0D2-3CCAE8EFB4A8}"
EndProject
Project("{2150E333-8FDC-42A3-9474-1A3956D46DE8}") = ".nuget", ".nuget", "{D9B43F98-B203-49F2-AF70-234FECAA45DE}"
	ProjectSection(SolutionItems) = preProject
		.nuget\NuGet.Config = .nuget\NuGet.Config
		.nuget\NuGet.exe = .nuget\NuGet.exe
		.nuget\NuGet.targets = .nuget\NuGet.targets
	EndProjectSection
EndProject
Global
	GlobalSection(SolutionConfigurationPlatforms) = preSolution
		Debug|Any CPU = Debug|Any CPU
		Release|Any CPU = Release|Any CPU
	EndGlobalSection
	GlobalSection(ProjectConfigurationPlatforms) = postSolution
		{6420C3C7-124E-43FA-A0F1-4C05339CE8C0}.Debug|Any CPU.ActiveCfg = Debug|Any CPU
		{6420C3C7-124E-43FA-A0F1-4C05339CE8C0}.Debug|Any CPU.Build.0 = Debug|Any CPU
		{6420C3C7-124E-43FA-A0F1-4C05339CE8C0}.Release|Any CPU.ActiveCfg = Release|Any CPU
		{6420C3C7-124E-43FA-A0F1-4C05339CE8C0}.Release|Any CPU.Build.0 = Release|Any CPU
		{2344FFF6-5B6F-45B4-B0D2-3CCAE8EFB4A8}.Debug|Any CPU.ActiveCfg = Debug|Any CPU
		{2344FFF6-5B6F-45B4-B0D2-3CCAE8EFB4A8}.Debug|Any CPU.Build.0 = Debug|Any CPU
		{2344FFF6-5B6F-45B4-B0D2-3CCAE8EFB4A8}.Release|Any CPU.ActiveCfg = Release|Any CPU
		{2344FFF6-5B6F-45B4-B0D2-3CCAE8EFB4A8}.Release|Any CPU.Build.0 = Release|Any CPU
	EndGlobalSection
	GlobalSection(SolutionProperties) = preSolution
		HideSolutionNode = FALSE
	EndGlobalSection
EndGlobal
